
Microsoft Visual Studio Solution File, Format Version 12.00
# Visual Studio Version 16
VisualStudioVersion = 16.0.32228.343
MinimumVisualStudioVersion = 10.0.40219.1
Project("{FAE04EC0-301F-11D3-BF4B-00C04F79EFBC}") = "EmployeePayroll_Ajax", "EmployeePayroll_Ajax\EmployeePayroll_Ajax.csproj", "{0C00D4F7-D871-4881-83A9-135BB86D0CFF}"
EndProject
Global
	GlobalSection(SolutionConfigurationPlatforms) = preSolution
		Debug|Any CPU = Debug|Any CPU
		Release|Any CPU = Release|Any CPU
	EndGlobalSection
	GlobalSection(ProjectConfigurationPlatforms) = postSolution
		{0C00D4F7-D871-4881-83A9-135BB86D0CFF}.Debug|Any CPU.ActiveCfg = Debug|Any CPU
		{0C00D4F7-D871-4881-83A9-135BB86D0CFF}.Debug|Any CPU.Build.0 = Debug|Any CPU
		{0C00D4F7-D871-4881-83A9-135BB86D0CFF}.Release|Any CPU.ActiveCfg = Release|Any CPU
		{0C00D4F7-D871-4881-83A9-135BB86D0CFF}.Release|Any CPU.Build.0 = Release|Any CPU
	EndGlobalSection
	GlobalSection(SolutionProperties) = preSolution
		HideSolutionNode = FALSE
	EndGlobalSection
	GlobalSection(ExtensibilityGlobals) = postSolution
		SolutionGuid = {DDB5C884-5E30-47EA-B015-0AC118D47D28}
	EndGlobalSection
EndGlobal
